
Microsoft Visual Studio Solution File, Format Version 12.00
# Visual Studio Version 16
VisualStudioVersion = 16.0.30523.141
MinimumVisualStudioVersion = 10.0.40219.1
Project("{FAE04EC0-301F-11D3-BF4B-00C04F79EFBC}") = "WyposazenieDlaSilowni", "WyposazenieDlaSilowni.csproj", "{6BF01611-A51B-4C51-815E-6126B0806016}"
EndProject
Project("{FAE04EC0-301F-11D3-BF4B-00C04F79EFBC}") = "Baza_Unit_Test", "..\Baza_Unit_Test\Baza_Unit_Test.csproj", "{455A8381-94A8-4661-9DCC-2738037652A8}"
EndProject
Global
	GlobalSection(SolutionConfigurationPlatforms) = preSolution
		Debug|Any CPU = Debug|Any CPU
		Release|Any CPU = Release|Any CPU
	EndGlobalSection
	GlobalSection(ProjectConfigurationPlatforms) = postSolution
		{6BF01611-A51B-4C51-815E-6126B0806016}.Debug|Any CPU.ActiveCfg = Debug|Any CPU
		{6BF01611-A51B-4C51-815E-6126B0806016}.Debug|Any CPU.Build.0 = Debug|Any CPU
		{6BF01611-A51B-4C51-815E-6126B0806016}.Release|Any CPU.ActiveCfg = Release|Any CPU
		{6BF01611-A51B-4C51-815E-6126B0806016}.Release|Any CPU.Build.0 = Release|Any CPU
		{455A8381-94A8-4661-9DCC-2738037652A8}.Debug|Any CPU.ActiveCfg = Debug|Any CPU
		{455A8381-94A8-4661-9DCC-2738037652A8}.Debug|Any CPU.Build.0 = Debug|Any CPU
		{455A8381-94A8-4661-9DCC-2738037652A8}.Release|Any CPU.ActiveCfg = Release|Any CPU
		{455A8381-94A8-4661-9DCC-2738037652A8}.Release|Any CPU.Build.0 = Release|Any CPU
	EndGlobalSection
	GlobalSection(SolutionProperties) = preSolution
		HideSolutionNode = FALSE
	EndGlobalSection
	GlobalSection(ExtensibilityGlobals) = postSolution
		SolutionGuid = {D7DBBBF0-8A18-48C7-A038-E60495778755}
	EndGlobalSection
EndGlobal
